// !$*UTF8*$!
{
	archiveVersion = 1;
	classes = {
	};
	objectVersion = 46;
	objects = {

/* Begin PBXFileReference section */
		BE1E75801C0E276D00CFDE11 /* Sample.swift */ = {isa = PBXFileReference; lastKnownFileType = sourcecode.swift; path = Sample.swift; sourceTree = "<group>"; };
/* End PBXFileReference section */

/* Begin PBXGroup section */
		BE1E75791C0E263800CFDE11 = {
			isa = PBXGroup;
			children = (
				BE1E75801C0E276D00CFDE11 /* Sample.swift */,
			);
			sourceTree = "<group>";
		};
/* End PBXGroup section */

/* Begin PBXProject section */
		BE1E757A1C0E263800CFDE11 /* Project object */ = {
			isa = PBXProject;
			attributes = {
				LastUpgradeCheck = 0630;
			};
			buildConfigurationList = BE1E757D1C0E263800CFDE11 /* Build configuration list for PBXProject "Intro" */;
			compatibilityVersion = "Xcode 3.2";
			developmentRegion = English;
			hasScannedForEncodings = 0;
			knownRegions = (
				en,
			);
			mainGroup = BE1E75791C0E263800CFDE11;
			projectDirPath = "";
			projectRoot = "";
			targets = (
			);
		};
/* End PBXProject section */

/* Begin XCBuildConfiguration section */
		BE1E757E1C0E263800CFDE11 /* Debug */ = {
			isa = XCBuildConfiguration;
			buildSettings = {
			};
			name = Debug;
		};
		BE1E757F1C0E263800CFDE11 /* Release */ = {
			isa = XCBuildConfiguration;
			buildSettings = {
			};
			name = Release;
		};
/* End XCBuildConfiguration section */

/* Begin XCConfigurationList section */
		BE1E757D1C0E263800CFDE11 /* Build configuration list for PBXProject "Intro" */ = {
			isa = XCConfigurationList;
			buildConfigurations = (
				BE1E757E1C0E263800CFDE11 /* Debug */,
				BE1E757F1C0E263800CFDE11 /* Release */,
			);
			defaultConfigurationIsVisible = 0;
			defaultConfigurationName = Release;
		};
/* End XCConfigurationList section */
	};
	rootObject = BE1E757A1C0E263800CFDE11 /* Project object */;
}
